
Microsoft Visual Studio Solution File, Format Version 12.00
# Visual Studio 15
VisualStudioVersion = 15.0.28307.329
MinimumVisualStudioVersion = 10.0.40219.1
Project("{FAE04EC0-301F-11D3-BF4B-00C04F79EFBC}") = "Loop.Api", "Loop.Api\Loop.Api.csproj", "{F349422A-3709-4323-8F39-E58DD05D6884}"
EndProject
Global
	GlobalSection(SolutionConfigurationPlatforms) = preSolution
		Debug|Any CPU = Debug|Any CPU
		Release|Any CPU = Release|Any CPU
	EndGlobalSection
	GlobalSection(ProjectConfigurationPlatforms) = postSolution
		{F349422A-3709-4323-8F39-E58DD05D6884}.Debug|Any CPU.ActiveCfg = Debug|Any CPU
		{F349422A-3709-4323-8F39-E58DD05D6884}.Debug|Any CPU.Build.0 = Debug|Any CPU
		{F349422A-3709-4323-8F39-E58DD05D6884}.Release|Any CPU.ActiveCfg = Release|Any CPU
		{F349422A-3709-4323-8F39-E58DD05D6884}.Release|Any CPU.Build.0 = Release|Any CPU
	EndGlobalSection
	GlobalSection(SolutionProperties) = preSolution
		HideSolutionNode = FALSE
	EndGlobalSection
	GlobalSection(ExtensibilityGlobals) = postSolution
		SolutionGuid = {B0890C34-D4EA-4EFD-9035-0A7D9729150D}
	EndGlobalSection
EndGlobal
